
Microsoft Visual Studio Solution File, Format Version 12.00
# Visual Studio Version 17
VisualStudioVersion = 17.14.36221.1 d17.14
MinimumVisualStudioVersion = 10.0.40219.1
Project("{FAE04EC0-301F-11D3-BF4B-00C04F79EFBC}") = "WebApplication6", "WebApplication6\WebApplication6.csproj", "{BA36AD0B-5368-49E4-9D81-5ABBBD50EF2D}"
EndProject
Global
	GlobalSection(SolutionConfigurationPlatforms) = preSolution
		Debug|Any CPU = Debug|Any CPU
		Release|Any CPU = Release|Any CPU
	EndGlobalSection
	GlobalSection(ProjectConfigurationPlatforms) = postSolution
		{BA36AD0B-5368-49E4-9D81-5ABBBD50EF2D}.Debug|Any CPU.ActiveCfg = Debug|Any CPU
		{BA36AD0B-5368-49E4-9D81-5ABBBD50EF2D}.Debug|Any CPU.Build.0 = Debug|Any CPU
		{BA36AD0B-5368-49E4-9D81-5ABBBD50EF2D}.Release|Any CPU.ActiveCfg = Release|Any CPU
		{BA36AD0B-5368-49E4-9D81-5ABBBD50EF2D}.Release|Any CPU.Build.0 = Release|Any CPU
	EndGlobalSection
	GlobalSection(SolutionProperties) = preSolution
		HideSolutionNode = FALSE
	EndGlobalSection
	GlobalSection(ExtensibilityGlobals) = postSolution
		SolutionGuid = {B305FCB3-8ED4-432C-BF0B-273DB86C8AAD}
	EndGlobalSection
EndGlobal
